# This file is autogenerated, do not edit; changes may be undone by the next 'dep ensure'.


[[projects]]
  branch = "master"
  name = "github.com/gopherjs/gopherjs"
  packages = ["js"]
  revision = "8dffc02ea1cb8398bb73f30424697c60fcf8d4c5"

[[projects]]
  name = "github.com/jtolds/gls"
  packages = ["."]
  revision = "77f18212c9c7edc9bd6a33d383a7b545ce62f064"
  version = "v4.2.1"

[[projects]]
  name = "github.com/pkg/errors"
  packages = ["."]
  revision = "645ef00459ed84a119197bfb8d8205042c6df63d"
  version = "v0.8.0"

[[projects]]
  name = "github.com/sirupsen/logrus"
  packages = ["."]
  revision = "c155da19408a8799da419ed3eeb0cb5db0ad5dbc"
  version = "v1.0.5"

[[projects]]
  name = "github.com/smartystreets/assertions"
  packages = [
    ".",
    "internal/go-render/render",
    "internal/oglematchers"
  ]
  revision = "7678a5452ebea5b7090a6b163f844c133f523da2"
  version = "1.8.3"

[[projects]]
  name = "github.com/smartystreets/goconvey"
  packages = [
    "convey",
    "convey/gotest",
    "convey/reporting"
  ]
  revision = "9e8dc3f972df6c8fcc0375ef492c24d0bb204857"
  version = "1.6.3"

[[projects]]
  branch = "master"
  name = "golang.org/x/crypto"
  packages = ["ssh/terminal"]
  revision = "ab813273cd59e1333f7ae7bff5d027d4aadf528c"

[[projects]]
  branch = "master"
  name = "golang.org/x/sys"
  packages = [
    "unix",
    "windows"
  ]
  revision = "c11f84a56e43e20a78cee75a7c034031ecf57d1f"

[solve-meta]
  analyzer-name = "dep"
  analyzer-version = 1
  inputs-digest = "fa99b6b5392c6acfd31ab42d06a7101fd37557c541a12463c284c0cac3243c92"
  solver-name = "gps-cdcl"
  solver-version = 1
