# This file is autogenerated, do not edit; changes may be undone by the next 'dep ensure'.


[[projects]]
  branch = "master"
  digest = "1:f14d1b50e0075fb00177f12a96dd7addf93d1e2883c25befd17285b779549795"
  name = "github.com/gopherjs/gopherjs"
  packages = ["js"]
  pruneopts = "UT"
  revision = "0210a2f0f73c96103378b0b935f39868e5731809"

[[projects]]
  digest = "1:1e15f4e455f94aeaedfcf9c75b3e1c449b5acba1551c58446b4b45be507c707b"
  name = "github.com/jtolds/gls"
  packages = ["."]
  pruneopts = "UT"
  revision = "77f18212c9c7edc9bd6a33d383a7b545ce62f064"
  version = "v4.2.1"

[[projects]]
  branch = "master"
  digest = "1:393d5a44a72c96180b7e729078ce1cca8e42cff3a20e2b28f6fa9b8ea529746d"
  name = "github.com/meeDamian/crypto"
  packages = [
    ".",
    "currencies",
    "currencies/symbols",
    "exchanges",
    "exchanges/acx",
    "exchanges/binance",
    "exchanges/bitbay",
    "exchanges/bitcoincoid",
    "exchanges/bitfinex",
    "exchanges/bitstamp",
    "exchanges/bittrex",
    "exchanges/bx",
    "exchanges/coinfloor",
    "exchanges/gdax",
    "exchanges/hitbtc",
    "exchanges/kraken",
    "exchanges/liqui",
    "exchanges/livecoin",
    "exchanges/luno",
    "exchanges/nzbcx",
    "exchanges/quoinex",
    "exchanges/surbtc",
    "exchanges/tdax",
    "exchanges/yobit",
    "orderbook",
    "utils",
  ]
  pruneopts = "UT"
  revision = "7b08dd2f783348b83d972060d1aea3a49091f301"

[[projects]]
  digest = "1:40e195917a951a8bf867cd05de2a46aaf1806c50cf92eebf4c16f78cd196f747"
  name = "github.com/pkg/errors"
  packages = ["."]
  pruneopts = "UT"
  revision = "645ef00459ed84a119197bfb8d8205042c6df63d"
  version = "v0.8.0"

[[projects]]
  digest = "1:d867dfa6751c8d7a435821ad3b736310c2ed68945d05b50fb9d23aee0540c8cc"
  name = "github.com/sirupsen/logrus"
  packages = ["."]
  pruneopts = "UT"
  revision = "3e01752db0189b9157070a0e1668a620f9a85da2"
  version = "v1.0.6"

[[projects]]
  digest = "1:cc1c574c9cb5e99b123888c12b828e2d19224ab6c2244bda34647f230bf33243"
  name = "github.com/smartystreets/assertions"
  packages = [
    ".",
    "internal/go-render/render",
    "internal/oglematchers",
  ]
  pruneopts = "UT"
  revision = "7678a5452ebea5b7090a6b163f844c133f523da2"
  version = "1.8.3"

[[projects]]
  digest = "1:a3e081e593ee8e3b0a9af6a5dcac964c67a40c4f2034b5345b2ad78d05920728"
  name = "github.com/smartystreets/goconvey"
  packages = [
    "convey",
    "convey/gotest",
    "convey/reporting",
  ]
  pruneopts = "UT"
  revision = "9e8dc3f972df6c8fcc0375ef492c24d0bb204857"
  version = "1.6.3"

[[projects]]
  branch = "master"
  digest = "1:3f3a05ae0b95893d90b9b3b5afdb79a9b3d96e4e36e099d841ae602e4aca0da8"
  name = "golang.org/x/crypto"
  packages = ["ssh/terminal"]
  pruneopts = "UT"
  revision = "614d502a4dac94afa3a6ce146bd1736da82514c6"

[[projects]]
  branch = "master"
  digest = "1:9c99029818a3d4f53bcfd6c0158ca068aeacfecb29283f82a1f9c79b8d2a7da4"
  name = "golang.org/x/sys"
  packages = [
    "unix",
    "windows",
  ]
  pruneopts = "UT"
  revision = "d99a578cf41bfccdeaf48b0845c823a4b8b0ad5e"

[solve-meta]
  analyzer-name = "dep"
  analyzer-version = 1
  input-imports = [
    "github.com/meeDamian/crypto",
    "github.com/meeDamian/crypto/currencies",
    "github.com/meeDamian/crypto/currencies/symbols",
    "github.com/meeDamian/crypto/exchanges",
    "github.com/meeDamian/crypto/exchanges/acx",
    "github.com/meeDamian/crypto/exchanges/binance",
    "github.com/meeDamian/crypto/exchanges/bitbay",
    "github.com/meeDamian/crypto/exchanges/bitcoincoid",
    "github.com/meeDamian/crypto/exchanges/bitfinex",
    "github.com/meeDamian/crypto/exchanges/bitstamp",
    "github.com/meeDamian/crypto/exchanges/bittrex",
    "github.com/meeDamian/crypto/exchanges/bx",
    "github.com/meeDamian/crypto/exchanges/coinfloor",
    "github.com/meeDamian/crypto/exchanges/gdax",
    "github.com/meeDamian/crypto/exchanges/hitbtc",
    "github.com/meeDamian/crypto/exchanges/kraken",
    "github.com/meeDamian/crypto/exchanges/liqui",
    "github.com/meeDamian/crypto/exchanges/livecoin",
    "github.com/meeDamian/crypto/exchanges/luno",
    "github.com/meeDamian/crypto/exchanges/nzbcx",
    "github.com/meeDamian/crypto/exchanges/quoinex",
    "github.com/meeDamian/crypto/exchanges/surbtc",
    "github.com/meeDamian/crypto/exchanges/tdax",
    "github.com/meeDamian/crypto/exchanges/yobit",
    "github.com/meeDamian/crypto/orderbook",
    "github.com/meeDamian/crypto/utils",
    "github.com/pkg/errors",
    "github.com/sirupsen/logrus",
    "github.com/smartystreets/goconvey/convey",
  ]
  solver-name = "gps-cdcl"
  solver-version = 1
